Microsoft Visual Studio Solution File, Format Version 12.00
# Visual Studio Version 17
VisualStudioVersion = 17.0.31903.59
MinimumVisualStudioVersion = 10.0.40219.1
Project("{FAE04EC0-301F-11D3-BF4B-00C04F79EFBC}") = "VoxelEngine.Engine", "VoxelEngine.Engine\VoxelEngine.Engine.csproj", "{CE8F73EE-DF97-46C8-9E94-96258070D726}"
EndProject
Project("{FAE04EC0-301F-11D3-BF4B-00C04F79EFBC}") = "VoxelEngine.Api", "VoxelEngine.Api\VoxelEngine.Api.csproj", "{D3197BBA-AE61-4E2F-B81A-3EA6E0E3BA89}"
EndProject
Project("{FAE04EC0-301F-11D3-BF4B-00C04F79EFBC}") = "VoxelEngine.Game", "VoxelEngine.Game\VoxelEngine.Game.csproj", "{A9BCC73D-F5B5-4BB4-BCF1-F43FB617F93E}"
EndProject
Project("{FAE04EC0-301F-11D3-BF4B-00C04F79EFBC}") = "VoxelEngine.Launcher", "VoxelEngine.Launcher\VoxelEngine.Launcher.csproj", "{B1E2F3A4-C5D6-47E8-9F0A-1B2C3D4E5F6A}"
EndProject
Project("{FAE04EC0-301F-11D3-BF4B-00C04F79EFBC}") = "VoxelEngine.Tests", "VoxelEngine.Tests\VoxelEngine.Tests.csproj", "{37EF0E78-152A-42F0-8FF6-136768BC5B8D}"
EndProject
Global
	GlobalSection(SolutionConfigurationPlatforms) = preSolution
		Debug|Any CPU = Debug|Any CPU
		Debug|x64 = Debug|x64
		Debug|x86 = Debug|x86
		Release|Any CPU = Release|Any CPU
		Release|x64 = Release|x64
		Release|x86 = Release|x86
	EndGlobalSection
	GlobalSection(ProjectConfigurationPlatforms) = postSolution
		{CE8F73EE-DF97-46C8-9E94-96258070D726}.Debug|Any CPU.ActiveCfg = Debug|Any CPU
		{CE8F73EE-DF97-46C8-9E94-96258070D726}.Debug|Any CPU.Build.0 = Debug|Any CPU
		{CE8F73EE-DF97-46C8-9E94-96258070D726}.Debug|x64.ActiveCfg = Debug|Any CPU
		{CE8F73EE-DF97-46C8-9E94-96258070D726}.Debug|x64.Build.0 = Debug|Any CPU
		{CE8F73EE-DF97-46C8-9E94-96258070D726}.Debug|x86.ActiveCfg = Debug|Any CPU
		{CE8F73EE-DF97-46C8-9E94-96258070D726}.Debug|x86.Build.0 = Debug|Any CPU
		{CE8F73EE-DF97-46C8-9E94-96258070D726}.Release|Any CPU.ActiveCfg = Release|Any CPU
		{CE8F73EE-DF97-46C8-9E94-96258070D726}.Release|Any CPU.Build.0 = Release|Any CPU
		{CE8F73EE-DF97-46C8-9E94-96258070D726}.Release|x64.ActiveCfg = Release|Any CPU
		{CE8F73EE-DF97-46C8-9E94-96258070D726}.Release|x64.Build.0 = Release|Any CPU
		{CE8F73EE-DF97-46C8-9E94-96258070D726}.Release|x86.ActiveCfg = Release|Any CPU
		{CE8F73EE-DF97-46C8-9E94-96258070D726}.Release|x86.Build.0 = Release|Any CPU
		{D3197BBA-AE61-4E2F-B81A-3EA6E0E3BA89}.Debug|Any CPU.ActiveCfg = Debug|Any CPU
		{D3197BBA-AE61-4E2F-B81A-3EA6E0E3BA89}.Debug|Any CPU.Build.0 = Debug|Any CPU
		{D3197BBA-AE61-4E2F-B81A-3EA6E0E3BA89}.Debug|x64.ActiveCfg = Debug|Any CPU
		{D3197BBA-AE61-4E2F-B81A-3EA6E0E3BA89}.Debug|x64.Build.0 = Debug|Any CPU
		{D3197BBA-AE61-4E2F-B81A-3EA6E0E3BA89}.Debug|x86.ActiveCfg = Debug|Any CPU
		{D3197BBA-AE61-4E2F-B81A-3EA6E0E3BA89}.Debug|x86.Build.0 = Debug|Any CPU
		{D3197BBA-AE61-4E2F-B81A-3EA6E0E3BA89}.Release|Any CPU.ActiveCfg = Release|Any CPU
		{D3197BBA-AE61-4E2F-B81A-3EA6E0E3BA89}.Release|Any CPU.Build.0 = Release|Any CPU
		{D3197BBA-AE61-4E2F-B81A-3EA6E0E3BA89}.Release|x64.ActiveCfg = Release|Any CPU
		{D3197BBA-AE61-4E2F-B81A-3EA6E0E3BA89}.Release|x64.Build.0 = Release|Any CPU
		{D3197BBA-AE61-4E2F-B81A-3EA6E0E3BA89}.Release|x86.ActiveCfg = Release|Any CPU
		{D3197BBA-AE61-4E2F-B81A-3EA6E0E3BA89}.Release|x86.Build.0 = Release|Any CPU
		{A9BCC73D-F5B5-4BB4-BCF1-F43FB617F93E}.Debug|Any CPU.ActiveCfg = Debug|Any CPU
		{A9BCC73D-F5B5-4BB4-BCF1-F43FB617F93E}.Debug|Any CPU.Build.0 = Debug|Any CPU
		{A9BCC73D-F5B5-4BB4-BCF1-F43FB617F93E}.Debug|x64.ActiveCfg = Debug|Any CPU
		{A9BCC73D-F5B5-4BB4-BCF1-F43FB617F93E}.Debug|x64.Build.0 = Debug|Any CPU
		{A9BCC73D-F5B5-4BB4-BCF1-F43FB617F93E}.Debug|x86.ActiveCfg = Debug|Any CPU
		{A9BCC73D-F5B5-4BB4-BCF1-F43FB617F93E}.Debug|x86.Build.0 = Debug|Any CPU
		{A9BCC73D-F5B5-4BB4-BCF1-F43FB617F93E}.Release|Any CPU.ActiveCfg = Release|Any CPU
		{A9BCC73D-F5B5-4BB4-BCF1-F43FB617F93E}.Release|Any CPU.Build.0 = Release|Any CPU
		{A9BCC73D-F5B5-4BB4-BCF1-F43FB617F93E}.Release|x64.ActiveCfg = Release|Any CPU
		{A9BCC73D-F5B5-4BB4-BCF1-F43FB617F93E}.Release|x64.Build.0 = Release|Any CPU
		{A9BCC73D-F5B5-4BB4-BCF1-F43FB617F93E}.Release|x86.ActiveCfg = Release|Any CPU
		{A9BCC73D-F5B5-4BB4-BCF1-F43FB617F93E}.Release|x86.Build.0 = Release|Any CPU
		{B1E2F3A4-C5D6-47E8-9F0A-1B2C3D4E5F6A}.Debug|Any CPU.ActiveCfg = Debug|Any CPU
		{B1E2F3A4-C5D6-47E8-9F0A-1B2C3D4E5F6A}.Debug|Any CPU.Build.0 = Debug|Any CPU
		{B1E2F3A4-C5D6-47E8-9F0A-1B2C3D4E5F6A}.Debug|x64.ActiveCfg = Debug|Any CPU
		{B1E2F3A4-C5D6-47E8-9F0A-1B2C3D4E5F6A}.Debug|x64.Build.0 = Debug|Any CPU
		{B1E2F3A4-C5D6-47E8-9F0A-1B2C3D4E5F6A}.Debug|x86.ActiveCfg = Debug|Any CPU
		{B1E2F3A4-C5D6-47E8-9F0A-1B2C3D4E5F6A}.Debug|x86.Build.0 = Debug|Any CPU
		{B1E2F3A4-C5D6-47E8-9F0A-1B2C3D4E5F6A}.Release|Any CPU.ActiveCfg = Release|Any CPU
		{B1E2F3A4-C5D6-47E8-9F0A-1B2C3D4E5F6A}.Release|Any CPU.Build.0 = Release|Any CPU
		{B1E2F3A4-C5D6-47E8-9F0A-1B2C3D4E5F6A}.Release|x64.ActiveCfg = Release|Any CPU
		{B1E2F3A4-C5D6-47E8-9F0A-1B2C3D4E5F6A}.Release|x64.Build.0 = Release|Any CPU
		{B1E2F3A4-C5D6-47E8-9F0A-1B2C3D4E5F6A}.Release|x86.ActiveCfg = Release|Any CPU
		{B1E2F3A4-C5D6-47E8-9F0A-1B2C3D4E5F6A}.Release|x86.Build.0 = Release|Any CPU
		{37EF0E78-152A-42F0-8FF6-136768BC5B8D}.Debug|Any CPU.ActiveCfg = Debug|Any CPU
		{37EF0E78-152A-42F0-8FF6-136768BC5B8D}.Debug|Any CPU.Build.0 = Debug|Any CPU
		{37EF0E78-152A-42F0-8FF6-136768BC5B8D}.Debug|x64.ActiveCfg = Debug|Any CPU
		{37EF0E78-152A-42F0-8FF6-136768BC5B8D}.Debug|x64.Build.0 = Debug|Any CPU
		{37EF0E78-152A-42F0-8FF6-136768BC5B8D}.Debug|x86.ActiveCfg = Debug|Any CPU
		{37EF0E78-152A-42F0-8FF6-136768BC5B8D}.Debug|x86.Build.0 = Debug|Any CPU
		{37EF0E78-152A-42F0-8FF6-136768BC5B8D}.Release|Any CPU.ActiveCfg = Release|Any CPU
		{37EF0E78-152A-42F0-8FF6-136768BC5B8D}.Release|Any CPU.Build.0 = Release|Any CPU
		{37EF0E78-152A-42F0-8FF6-136768BC5B8D}.Release|x64.ActiveCfg = Release|Any CPU
		{37EF0E78-152A-42F0-8FF6-136768BC5B8D}.Release|x64.Build.0 = Release|Any CPU
		{37EF0E78-152A-42F0-8FF6-136768BC5B8D}.Release|x86.ActiveCfg = Release|Any CPU
		{37EF0E78-152A-42F0-8FF6-136768BC5B8D}.Release|x86.Build.0 = Release|Any CPU
	EndGlobalSection
	GlobalSection(SolutionProperties) = preSolution
		HideSolutionNode = FALSE
	EndGlobalSection
EndGlobal
